
Microsoft Visual Studio Solution File, Format Version 12.00
# Visual Studio Version 16
VisualStudioVersion = 16.0.30204.135
MinimumVisualStudioVersion = 10.0.40219.1
Project("{FAE04EC0-301F-11D3-BF4B-00C04F79EFBC}") = "ConsoleLinqPremierTest", "ConsoleLinqPremierTest\ConsoleLinqPremierTest.csproj", "{A8CA7D9F-22D3-4BA3-A638-FA2BD058292E}"
EndProject
Project("{FAE04EC0-301F-11D3-BF4B-00C04F79EFBC}") = "WpfListeFichierRepertoire", "WpfListeFichierRepertoire\WpfListeFichierRepertoire.csproj", "{0AB3011C-2E7D-41DD-AE4E-9661E3A69C2D}"
EndProject
Project("{FAE04EC0-301F-11D3-BF4B-00C04F79EFBC}") = "WpfAppCodeFirstApproch", "WpfAppCodeFirstApproch\WpfAppCodeFirstApproch.csproj", "{C25BCFF0-95B3-4759-8D09-3A9016CDF3FE}"
EndProject
Project("{FAE04EC0-301F-11D3-BF4B-00C04F79EFBC}") = "ConsoleAppCodeFirst", "ConsoleAppCodeFirst\ConsoleAppCodeFirst.csproj", "{2741DF13-155C-4A2A-A9FA-8928D507EE01}"
EndProject
Project("{FAE04EC0-301F-11D3-BF4B-00C04F79EFBC}") = "WpfAppRequetesLinq", "WpfAppRequetesLinq\WpfAppRequetesLinq.csproj", "{C8A914B7-4946-416A-B0D8-E0912C3E5907}"
EndProject
Project("{FAE04EC0-301F-11D3-BF4B-00C04F79EFBC}") = "WpfAppBibliotheque", "WpfAppBibliotheque\WpfAppBibliotheque.csproj", "{03EFCBDE-BC7C-4970-9EFE-2698C72FBEC1}"
EndProject
Project("{FAE04EC0-301F-11D3-BF4B-00C04F79EFBC}") = "WpfAppAutresApprochesEF", "WpfAppAutresApprochesEF\WpfAppAutresApprochesEF.csproj", "{49F25413-13E7-45D8-9B05-103BFE439A32}"
EndProject
Global
	GlobalSection(SolutionConfigurationPlatforms) = preSolution
		Debug|Any CPU = Debug|Any CPU
		Release|Any CPU = Release|Any CPU
	EndGlobalSection
	GlobalSection(ProjectConfigurationPlatforms) = postSolution
		{A8CA7D9F-22D3-4BA3-A638-FA2BD058292E}.Debug|Any CPU.ActiveCfg = Debug|Any CPU
		{A8CA7D9F-22D3-4BA3-A638-FA2BD058292E}.Debug|Any CPU.Build.0 = Debug|Any CPU
		{A8CA7D9F-22D3-4BA3-A638-FA2BD058292E}.Release|Any CPU.ActiveCfg = Release|Any CPU
		{A8CA7D9F-22D3-4BA3-A638-FA2BD058292E}.Release|Any CPU.Build.0 = Release|Any CPU
		{0AB3011C-2E7D-41DD-AE4E-9661E3A69C2D}.Debug|Any CPU.ActiveCfg = Debug|Any CPU
		{0AB3011C-2E7D-41DD-AE4E-9661E3A69C2D}.Debug|Any CPU.Build.0 = Debug|Any CPU
		{0AB3011C-2E7D-41DD-AE4E-9661E3A69C2D}.Release|Any CPU.ActiveCfg = Release|Any CPU
		{0AB3011C-2E7D-41DD-AE4E-9661E3A69C2D}.Release|Any CPU.Build.0 = Release|Any CPU
		{C25BCFF0-95B3-4759-8D09-3A9016CDF3FE}.Debug|Any CPU.ActiveCfg = Debug|Any CPU
		{C25BCFF0-95B3-4759-8D09-3A9016CDF3FE}.Debug|Any CPU.Build.0 = Debug|Any CPU
		{C25BCFF0-95B3-4759-8D09-3A9016CDF3FE}.Release|Any CPU.ActiveCfg = Release|Any CPU
		{C25BCFF0-95B3-4759-8D09-3A9016CDF3FE}.Release|Any CPU.Build.0 = Release|Any CPU
		{2741DF13-155C-4A2A-A9FA-8928D507EE01}.Debug|Any CPU.ActiveCfg = Debug|Any CPU
		{2741DF13-155C-4A2A-A9FA-8928D507EE01}.Debug|Any CPU.Build.0 = Debug|Any CPU
		{2741DF13-155C-4A2A-A9FA-8928D507EE01}.Release|Any CPU.ActiveCfg = Release|Any CPU
		{2741DF13-155C-4A2A-A9FA-8928D507EE01}.Release|Any CPU.Build.0 = Release|Any CPU
		{C8A914B7-4946-416A-B0D8-E0912C3E5907}.Debug|Any CPU.ActiveCfg = Debug|Any CPU
		{C8A914B7-4946-416A-B0D8-E0912C3E5907}.Debug|Any CPU.Build.0 = Debug|Any CPU
		{C8A914B7-4946-416A-B0D8-E0912C3E5907}.Release|Any CPU.ActiveCfg = Release|Any CPU
		{C8A914B7-4946-416A-B0D8-E0912C3E5907}.Release|Any CPU.Build.0 = Release|Any CPU
		{03EFCBDE-BC7C-4970-9EFE-2698C72FBEC1}.Debug|Any CPU.ActiveCfg = Debug|Any CPU
		{03EFCBDE-BC7C-4970-9EFE-2698C72FBEC1}.Debug|Any CPU.Build.0 = Debug|Any CPU
		{03EFCBDE-BC7C-4970-9EFE-2698C72FBEC1}.Release|Any CPU.ActiveCfg = Release|Any CPU
		{03EFCBDE-BC7C-4970-9EFE-2698C72FBEC1}.Release|Any CPU.Build.0 = Release|Any CPU
		{49F25413-13E7-45D8-9B05-103BFE439A32}.Debug|Any CPU.ActiveCfg = Debug|Any CPU
		{49F25413-13E7-45D8-9B05-103BFE439A32}.Debug|Any CPU.Build.0 = Debug|Any CPU
		{49F25413-13E7-45D8-9B05-103BFE439A32}.Release|Any CPU.ActiveCfg = Release|Any CPU
		{49F25413-13E7-45D8-9B05-103BFE439A32}.Release|Any CPU.Build.0 = Release|Any CPU
	EndGlobalSection
	GlobalSection(SolutionProperties) = preSolution
		HideSolutionNode = FALSE
	EndGlobalSection
	GlobalSection(ExtensibilityGlobals) = postSolution
		SolutionGuid = {8D9958B0-DA81-47E5-87FA-7A299C8E577D}
	EndGlobalSection
EndGlobal
